// !$*UTF8*$!
{
	archiveVersion = 1;
	classes = {
	};
	objectVersion = 46;
	objects = {

/* Begin PBXBuildFile section */
		6A54A3B41561BA870018D7F8 /* UIKit.framework in Frameworks */ = {isa = PBXBuildFile; fileRef = 6A54A3B31561BA870018D7F8 /* UIKit.framework */; };
		6A54A3B61561BA870018D7F8 /* Foundation.framework in Frameworks */ = {isa = PBXBuildFile; fileRef = 6A54A3B51561BA870018D7F8 /* Foundation.framework */; };
		6A54A3B81561BA870018D7F8 /* CoreGraphics.framework in Frameworks */ = {isa = PBXBuildFile; fileRef = 6A54A3B71561BA870018D7F8 /* CoreGraphics.framework */; };
		6A54A3BE1561BA870018D7F8 /* InfoPlist.strings in Resources */ = {isa = PBXBuildFile; fileRef = 6A54A3BC1561BA870018D7F8 /* InfoPlist.strings */; };
		6A54A3C01561BA870018D7F8 /* main.m in Sources */ = {isa = PBXBuildFile; fileRef = 6A54A3BF1561BA870018D7F8 /* main.m */; };
		6A54A3C41561BA870018D7F8 /* AppDelegate.m in Sources */ = {isa = PBXBuildFile; fileRef = 6A54A3C31561BA870018D7F8 /* AppDelegate.m */; };
		6A54A3C71561BA870018D7F8 /* MainStoryboard_iPhone.storyboard in Resources */ = {isa = PBXBuildFile; fileRef = 6A54A3C51561BA870018D7F8 /* MainStoryboard_iPhone.storyboard */; };
		6A68A3CD1561C30600C9927B /* CoursesViewController.m in Sources */ = {isa = PBXBuildFile; fileRef = 6A68A3CC1561C30600C9927B /* CoursesViewController.m */; };
		6A7BC833156444F70025C5F0 /* SemsViewController.m in Sources */ = {isa = PBXBuildFile; fileRef = 6A7BC832156444F70025C5F0 /* SemsViewController.m */; };
		6A7BC836156449EB0025C5F0 /* SemAddViewController.m in Sources */ = {isa = PBXBuildFile; fileRef = 6A7BC835156449EB0025C5F0 /* SemAddViewController.m */; };
		6A7BC84D1566A5450025C5F0 /* D.png in Resources */ = {isa = PBXBuildFile; fileRef = 6A7BC8431566A5440025C5F0 /* D.png */; };
		6A7BC84E1566A5450025C5F0 /* D@2x.png in Resources */ = {isa = PBXBuildFile; fileRef = 6A7BC8441566A5440025C5F0 /* D@2x.png */; };
		6A7BC84F1566A5450025C5F0 /* R@2x.png in Resources */ = {isa = PBXBuildFile; fileRef = 6A7BC8451566A5440025C5F0 /* R@2x.png */; };
		6A7BC8501566A5450025C5F0 /* R.png in Resources */ = {isa = PBXBuildFile; fileRef = 6A7BC8461566A5440025C5F0 /* R.png */; };
		6A7BC8511566A5450025C5F0 /* A.png in Resources */ = {isa = PBXBuildFile; fileRef = 6A7BC8471566A5440025C5F0 /* A.png */; };
		6A7BC8521566A5450025C5F0 /* A@2x.png in Resources */ = {isa = PBXBuildFile; fileRef = 6A7BC8481566A5450025C5F0 /* A@2x.png */; };
		6A7BC8531566A5450025C5F0 /* B.png in Resources */ = {isa = PBXBuildFile; fileRef = 6A7BC8491566A5450025C5F0 /* B.png */; };
		6A7BC8541566A5450025C5F0 /* B@2x.png in Resources */ = {isa = PBXBuildFile; fileRef = 6A7BC84A1566A5450025C5F0 /* B@2x.png */; };
		6A7BC8551566A5450025C5F0 /* C.png in Resources */ = {isa = PBXBuildFile; fileRef = 6A7BC84B1566A5450025C5F0 /* C.png */; };
		6A7BC8561566A5450025C5F0 /* C@2x.png in Resources */ = {isa = PBXBuildFile; fileRef = 6A7BC84C1566A5450025C5F0 /* C@2x.png */; };
		6A7C5C2715673CF100C5EC62 /* bar@2x.png in Resources */ = {isa = PBXBuildFile; fileRef = 6A7C5C2515673CF100C5EC62 /* bar@2x.png */; };
		6A7C5C2815673CF100C5EC62 /* bar.png in Resources */ = {isa = PBXBuildFile; fileRef = 6A7C5C2615673CF100C5EC62 /* bar.png */; };
		6A7C5C2B156742A100C5EC62 /* cal@2x.png in Resources */ = {isa = PBXBuildFile; fileRef = 6A7C5C29156742A100C5EC62 /* cal@2x.png */; };
		6A7C5C2C156742A100C5EC62 /* cal.png in Resources */ = {isa = PBXBuildFile; fileRef = 6A7C5C2A156742A100C5EC62 /* cal.png */; };
		6A7C5C2F1567448E00C5EC62 /* mall.png in Resources */ = {isa = PBXBuildFile; fileRef = 6A7C5C2D1567448E00C5EC62 /* mall.png */; };
		6A7C5C301567448E00C5EC62 /* mall@2x.png in Resources */ = {isa = PBXBuildFile; fileRef = 6A7C5C2E1567448E00C5EC62 /* mall@2x.png */; };
		6A7C5C371567699800C5EC62 /* spring.png in Resources */ = {isa = PBXBuildFile; fileRef = 6A7C5C351567699800C5EC62 /* spring.png */; };
		6A7C5C381567699800C5EC62 /* spring@2x.png in Resources */ = {isa = PBXBuildFile; fileRef = 6A7C5C361567699800C5EC62 /* spring@2x.png */; };
		6A7C5C3B15676B8E00C5EC62 /* spring_down@2x.png in Resources */ = {isa = PBXBuildFile; fileRef = 6A7C5C3915676B8E00C5EC62 /* spring_down@2x.png */; };
		6A7C5C3C15676B8E00C5EC62 /* spring_down.png in Resources */ = {isa = PBXBuildFile; fileRef = 6A7C5C3A15676B8E00C5EC62 /* spring_down.png */; };
		6A7C5C3F156793D700C5EC62 /* fall.png in Resources */ = {isa = PBXBuildFile; fileRef = 6A7C5C3D156793D700C5EC62 /* fall.png */; };
		6A7C5C40156793D700C5EC62 /* fall@2x.png in Resources */ = {isa = PBXBuildFile; fileRef = 6A7C5C3E156793D700C5EC62 /* fall@2x.png */; };
		6A7C5C43156794EC00C5EC62 /* fall_down.png in Resources */ = {isa = PBXBuildFile; fileRef = 6A7C5C41156794EC00C5EC62 /* fall_down.png */; };
		6A7C5C44156794EC00C5EC62 /* fall_down@2x.png in Resources */ = {isa = PBXBuildFile; fileRef = 6A7C5C42156794EC00C5EC62 /* fall_down@2x.png */; };
		6A7C5C4A1567EFC800C5EC62 /* icon.png in Resources */ = {isa = PBXBuildFile; fileRef = 6A7C5C491567EFC800C5EC62 /* icon.png */; };
		6A7C5C4C1567EFE300C5EC62 /* icon@2x.png in Resources */ = {isa = PBXBuildFile; fileRef = 6A7C5C4B1567EFE300C5EC62 /* icon@2x.png */; };
		6A9F166A1562F0200037B4DF /* QPACell.m in Sources */ = {isa = PBXBuildFile; fileRef = 6A9F16691562F0200037B4DF /* QPACell.m */; };
		6A9F168115641F8A0037B4DF /* data.plist in Resources */ = {isa = PBXBuildFile; fileRef = 6A9F168015641F8A0037B4DF /* data.plist */; };
		6AC05E21156B22DB0009A7D3 /* QPADrawer.m in Sources */ = {isa = PBXBuildFile; fileRef = 6AC05E20156B22DA0009A7D3 /* QPADrawer.m */; };
		6AC05E23156B25A10009A7D3 /* QPADrawer.xib in Resources */ = {isa = PBXBuildFile; fileRef = 6AC05E22156B25A10009A7D3 /* QPADrawer.xib */; };
		6AC05E26156B51DD0009A7D3 /* qpaDrawerBkg@2x.png in Resources */ = {isa = PBXBuildFile; fileRef = 6AC05E24156B51DD0009A7D3 /* qpaDrawerBkg@2x.png */; };
		6AC05E27156B51DD0009A7D3 /* qpaDrawerBkg.png in Resources */ = {isa = PBXBuildFile; fileRef = 6AC05E25156B51DD0009A7D3 /* qpaDrawerBkg.png */; };
		6AC05E2A156B54460009A7D3 /* toolbar_down.png in Resources */ = {isa = PBXBuildFile; fileRef = 6AC05E28156B54460009A7D3 /* toolbar_down.png */; };
		6AC05E2B156B54460009A7D3 /* toolbar_down@2x.png in Resources */ = {isa = PBXBuildFile; fileRef = 6AC05E29156B54460009A7D3 /* toolbar_down@2x.png */; };
		6AC05E30156B57BE0009A7D3 /* toolbar2_down.png in Resources */ = {isa = PBXBuildFile; fileRef = 6AC05E2C156B57BE0009A7D3 /* toolbar2_down.png */; };
		6AC05E31156B57BE0009A7D3 /* toolbar2_down@2x.png in Resources */ = {isa = PBXBuildFile; fileRef = 6AC05E2D156B57BE0009A7D3 /* toolbar2_down@2x.png */; };
		6AC05E32156B57BE0009A7D3 /* toolbar2@2x.png in Resources */ = {isa = PBXBuildFile; fileRef = 6AC05E2E156B57BE0009A7D3 /* toolbar2@2x.png */; };
		6AC05E33156B57BE0009A7D3 /* toolbar2.png in Resources */ = {isa = PBXBuildFile; fileRef = 6AC05E2F156B57BE0009A7D3 /* toolbar2.png */; };
		6AC05E3B156B82CC0009A7D3 /* Default@2x.png in Resources */ = {isa = PBXBuildFile; fileRef = 6AC05E3A156B82CC0009A7D3 /* Default@2x.png */; };
		6AC05E3D156B82D00009A7D3 /* Default.png in Resources */ = {isa = PBXBuildFile; fileRef = 6AC05E3C156B82D00009A7D3 /* Default.png */; };
		6AC7EA0E156212AB0099118B /* CourseCell.m in Sources */ = {isa = PBXBuildFile; fileRef = 6AC7EA0D156212AB0099118B /* CourseCell.m */; };
		6AC7EA171562188A0099118B /* CourseAddViewController.m in Sources */ = {isa = PBXBuildFile; fileRef = 6AC7EA161562188A0099118B /* CourseAddViewController.m */; };
		6AED75DC15680A1400C0DF4C /* barlogo.png in Resources */ = {isa = PBXBuildFile; fileRef = 6AED75DA15680A1400C0DF4C /* barlogo.png */; };
		6AED75DD15680A1400C0DF4C /* barlogo@2x.png in Resources */ = {isa = PBXBuildFile; fileRef = 6AED75DB15680A1400C0DF4C /* barlogo@2x.png */; };
		6AED761E1569170F00C0DF4C /* step1.png in Resources */ = {isa = PBXBuildFile; fileRef = 6AED761C1569170F00C0DF4C /* step1.png */; };
		6AED761F1569170F00C0DF4C /* step1@2x.png in Resources */ = {isa = PBXBuildFile; fileRef = 6AED761D1569170F00C0DF4C /* step1@2x.png */; };
		6AED762215691B5800C0DF4C /* step2@2x.png in Resources */ = {isa = PBXBuildFile; fileRef = 6AED762015691B5800C0DF4C /* step2@2x.png */; };
		6AED762315691B5800C0DF4C /* step2.png in Resources */ = {isa = PBXBuildFile; fileRef = 6AED762115691B5800C0DF4C /* step2.png */; };
		6AED76261569276F00C0DF4C /* step3bottom@2x.png in Resources */ = {isa = PBXBuildFile; fileRef = 6AED76241569276F00C0DF4C /* step3bottom@2x.png */; };
		6AED76271569276F00C0DF4C /* step3bottom.png in Resources */ = {isa = PBXBuildFile; fileRef = 6AED76251569276F00C0DF4C /* step3bottom.png */; };
		6AED762A15692B2E00C0DF4C /* step3top.png in Resources */ = {isa = PBXBuildFile; fileRef = 6AED762815692B2E00C0DF4C /* step3top.png */; };
		6AED762B15692B2E00C0DF4C /* step3top@2x.png in Resources */ = {isa = PBXBuildFile; fileRef = 6AED762915692B2E00C0DF4C /* step3top@2x.png */; };
		6AED762E1569492A00C0DF4C /* selectA@2x.png in Resources */ = {isa = PBXBuildFile; fileRef = 6AED762C1569492A00C0DF4C /* selectA@2x.png */; };
		6AED762F1569492A00C0DF4C /* selectA.png in Resources */ = {isa = PBXBuildFile; fileRef = 6AED762D1569492A00C0DF4C /* selectA.png */; };
		6AED764215694B9C00C0DF4C /* selectR@2x.png in Resources */ = {isa = PBXBuildFile; fileRef = 6AED763015694B9B00C0DF4C /* selectR@2x.png */; };
		6AED764315694B9C00C0DF4C /* selectD.png in Resources */ = {isa = PBXBuildFile; fileRef = 6AED763115694B9B00C0DF4C /* selectD.png */; };
		6AED764415694B9C00C0DF4C /* selectC_down.png in Resources */ = {isa = PBXBuildFile; fileRef = 6AED763215694B9B00C0DF4C /* selectC_down.png */; };
		6AED764515694B9C00C0DF4C /* selectC@2x.png in Resources */ = {isa = PBXBuildFile; fileRef = 6AED763315694B9B00C0DF4C /* selectC@2x.png */; };
		6AED764615694B9C00C0DF4C /* selectD_down@2x.png in Resources */ = {isa = PBXBuildFile; fileRef = 6AED763415694B9B00C0DF4C /* selectD_down@2x.png */; };
		6AED764715694B9C00C0DF4C /* selectR.png in Resources */ = {isa = PBXBuildFile; fileRef = 6AED763515694B9B00C0DF4C /* selectR.png */; };
		6AED764815694B9C00C0DF4C /* selectA_down@2x.png in Resources */ = {isa = PBXBuildFile; fileRef = 6AED763615694B9B00C0DF4C /* selectA_down@2x.png */; };
		6AED764915694B9C00C0DF4C /* selectA_down.png in Resources */ = {isa = PBXBuildFile; fileRef = 6AED763715694B9B00C0DF4C /* selectA_down.png */; };
		6AED764A15694B9C00C0DF4C /* selectD_down.png in Resources */ = {isa = PBXBuildFile; fileRef = 6AED763815694B9B00C0DF4C /* selectD_down.png */; };
		6AED764B15694B9C00C0DF4C /* selectC.png in Resources */ = {isa = PBXBuildFile; fileRef = 6AED763915694B9C00C0DF4C /* selectC.png */; };
		6AED764C15694B9C00C0DF4C /* selectB.png in Resources */ = {isa = PBXBuildFile; fileRef = 6AED763A15694B9C00C0DF4C /* selectB.png */; };
		6AED764D15694B9C00C0DF4C /* selectR_down@2x.png in Resources */ = {isa = PBXBuildFile; fileRef = 6AED763B15694B9C00C0DF4C /* selectR_down@2x.png */; };
		6AED764E15694B9C00C0DF4C /* selectC_down@2x.png in Resources */ = {isa = PBXBuildFile; fileRef = 6AED763C15694B9C00C0DF4C /* selectC_down@2x.png */; };
		6AED764F15694B9C00C0DF4C /* selectB_down.png in Resources */ = {isa = PBXBuildFile; fileRef = 6AED763D15694B9C00C0DF4C /* selectB_down.png */; };
		6AED765015694B9C00C0DF4C /* selectB_down@2x.png in Resources */ = {isa = PBXBuildFile; fileRef = 6AED763E15694B9C00C0DF4C /* selectB_down@2x.png */; };
		6AED765115694B9C00C0DF4C /* selectB@2x.png in Resources */ = {isa = PBXBuildFile; fileRef = 6AED763F15694B9C00C0DF4C /* selectB@2x.png */; };
		6AED765215694B9C00C0DF4C /* selectR_down.png in Resources */ = {isa = PBXBuildFile; fileRef = 6AED764015694B9C00C0DF4C /* selectR_down.png */; };
		6AED765315694B9C00C0DF4C /* selectD@2x.png in Resources */ = {isa = PBXBuildFile; fileRef = 6AED764115694B9C00C0DF4C /* selectD@2x.png */; };
		6AED765615695E5A00C0DF4C /* barlogo_down@2x.png in Resources */ = {isa = PBXBuildFile; fileRef = 6AED765415695E5A00C0DF4C /* barlogo_down@2x.png */; };
		6AED765715695E5A00C0DF4C /* barlogo_down.png in Resources */ = {isa = PBXBuildFile; fileRef = 6AED765515695E5A00C0DF4C /* barlogo_down.png */; };
		6AED765C1569D6F300C0DF4C /* row2.png in Resources */ = {isa = PBXBuildFile; fileRef = 6AED765A1569D6F300C0DF4C /* row2.png */; };
		6AED765D1569D6F300C0DF4C /* row1.png in Resources */ = {isa = PBXBuildFile; fileRef = 6AED765B1569D6F300C0DF4C /* row1.png */; };
		6AED76601569DFE400C0DF4C /* rootbkg.png in Resources */ = {isa = PBXBuildFile; fileRef = 6AED765E1569DFE300C0DF4C /* rootbkg.png */; };
		6AED76611569DFE400C0DF4C /* rootbkg@2x.png in Resources */ = {isa = PBXBuildFile; fileRef = 6AED765F1569DFE400C0DF4C /* rootbkg@2x.png */; };
		6AED766A156A1D3700C0DF4C /* addTip1.png in Resources */ = {isa = PBXBuildFile; fileRef = 6AED7666156A1D3700C0DF4C /* addTip1.png */; };
		6AED766B156A1D3700C0DF4C /* addTip1@2x.png in Resources */ = {isa = PBXBuildFile; fileRef = 6AED7667156A1D3700C0DF4C /* addTip1@2x.png */; };
		6AED766C156A1D3700C0DF4C /* addTip2@2x.png in Resources */ = {isa = PBXBuildFile; fileRef = 6AED7668156A1D3700C0DF4C /* addTip2@2x.png */; };
		6AED766D156A1D3700C0DF4C /* addTip2.png in Resources */ = {isa = PBXBuildFile; fileRef = 6AED7669156A1D3700C0DF4C /* addTip2.png */; };
		6AED7670156A2E0F00C0DF4C /* toolbar@2x.png in Resources */ = {isa = PBXBuildFile; fileRef = 6AED766E156A2E0F00C0DF4C /* toolbar@2x.png */; };
		6AED7671156A2E0F00C0DF4C /* toolbar.png in Resources */ = {isa = PBXBuildFile; fileRef = 6AED766F156A2E0F00C0DF4C /* toolbar.png */; };
/* End PBXBuildFile section */

/* Begin PBXFileReference section */
		6A54A3AF1561BA870018D7F8 /* AndrewQPA.app */ = {isa = PBXFileReference; explicitFileType = wrapper.application; includeInIndex = 0; path = AndrewQPA.app; sourceTree = BUILT_PRODUCTS_DIR; };
		6A54A3B31561BA870018D7F8 /* UIKit.framework */ = {isa = PBXFileReference; lastKnownFileType = wrapper.framework; name = UIKit.framework; path = System/Library/Frameworks/UIKit.framework; sourceTree = SDKROOT; };
		6A54A3B51561BA870018D7F8 /* Foundation.framework */ = {isa = PBXFileReference; lastKnownFileType = wrapper.framework; name = Foundation.framework; path = System/Library/Frameworks/Foundation.framework; sourceTree = SDKROOT; };
		6A54A3B71561BA870018D7F8 /* CoreGraphics.framework */ = {isa = PBXFileReference; lastKnownFileType = wrapper.framework; name = CoreGraphics.framework; path = System/Library/Frameworks/CoreGraphics.framework; sourceTree = SDKROOT; };
		6A54A3BB1561BA870018D7F8 /* AndrewQPA-Info.plist */ = {isa = PBXFileReference; lastKnownFileType = text.plist.xml; path = "AndrewQPA-Info.plist"; sourceTree = "<group>"; };
		6A54A3BD1561BA870018D7F8 /* en */ = {isa = PBXFileReference; lastKnownFileType = text.plist.strings; name = en; path = en.lproj/InfoPlist.strings; sourceTree = "<group>"; };
		6A54A3BF1561BA870018D7F8 /* main.m */ = {isa = PBXFileReference; lastKnownFileType = sourcecode.c.objc; path = main.m; sourceTree = "<group>"; };
		6A54A3C11561BA870018D7F8 /* AndrewQPA-Prefix.pch */ = {isa = PBXFileReference; lastKnownFileType = sourcecode.c.h; path = "AndrewQPA-Prefix.pch"; sourceTree = "<group>"; };
		6A54A3C21561BA870018D7F8 /* AppDelegate.h */ = {isa = PBXFileReference; lastKnownFileType = sourcecode.c.h; path = AppDelegate.h; sourceTree = "<group>"; };
		6A54A3C31561BA870018D7F8 /* AppDelegate.m */ = {isa = PBXFileReference; lastKnownFileType = sourcecode.c.objc; path = AppDelegate.m; sourceTree = "<group>"; };
		6A54A3C61561BA870018D7F8 /* en */ = {isa = PBXFileReference; lastKnownFileType = file.storyboard; name = en; path = en.lproj/MainStoryboard_iPhone.storyboard; sourceTree = "<group>"; };
		6A68A3CB1561C30600C9927B /* CoursesViewController.h */ = {isa = PBXFileReference; fileEncoding = 4; lastKnownFileType = sourcecode.c.h; path = CoursesViewController.h; sourceTree = "<group>"; };
		6A68A3CC1561C30600C9927B /* CoursesViewController.m */ = {isa = PBXFileReference; fileEncoding = 4; lastKnownFileType = sourcecode.c.objc; path = CoursesViewController.m; sourceTree = "<group>"; };
		6A7BC831156444F70025C5F0 /* SemsViewController.h */ = {isa = PBXFileReference; fileEncoding = 4; lastKnownFileType = sourcecode.c.h; path = SemsViewController.h; sourceTree = "<group>"; };
		6A7BC832156444F70025C5F0 /* SemsViewController.m */ = {isa = PBXFileReference; fileEncoding = 4; lastKnownFileType = sourcecode.c.objc; path = SemsViewController.m; sourceTree = "<group>"; };
		6A7BC834156449EB0025C5F0 /* SemAddViewController.h */ = {isa = PBXFileReference; fileEncoding = 4; lastKnownFileType = sourcecode.c.h; path = SemAddViewController.h; sourceTree = "<group>"; };
		6A7BC835156449EB0025C5F0 /* SemAddViewController.m */ = {isa = PBXFileReference; fileEncoding = 4; lastKnownFileType = sourcecode.c.objc; path = SemAddViewController.m; sourceTree = "<group>"; };
		6A7BC8431566A5440025C5F0 /* D.png */ = {isa = PBXFileReference; lastKnownFileType = image.png; path = D.png; sourceTree = "<group>"; };
		6A7BC8441566A5440025C5F0 /* D@2x.png */ = {isa = PBXFileReference; lastKnownFileType = image.png; path = "D@2x.png"; sourceTree = "<group>"; };
		6A7BC8451566A5440025C5F0 /* R@2x.png */ = {isa = PBXFileReference; lastKnownFileType = image.png; path = "R@2x.png"; sourceTree = "<group>"; };
		6A7BC8461566A5440025C5F0 /* R.png */ = {isa = PBXFileReference; lastKnownFileType = image.png; path = R.png; sourceTree = "<group>"; };
		6A7BC8471566A5440025C5F0 /* A.png */ = {isa = PBXFileReference; lastKnownFileType = image.png; path = A.png; sourceTree = "<group>"; };
		6A7BC8481566A5450025C5F0 /* A@2x.png */ = {isa = PBXFileReference; lastKnownFileType = image.png; path = "A@2x.png"; sourceTree = "<group>"; };
		6A7BC8491566A5450025C5F0 /* B.png */ = {isa = PBXFileReference; lastKnownFileType = image.png; path = B.png; sourceTree = "<group>"; };
		6A7BC84A1566A5450025C5F0 /* B@2x.png */ = {isa = PBXFileReference; lastKnownFileType = image.png; path = "B@2x.png"; sourceTree = "<group>"; };
		6A7BC84B1566A5450025C5F0 /* C.png */ = {isa = PBXFileReference; lastKnownFileType = image.png; path = C.png; sourceTree = "<group>"; };
		6A7BC84C1566A5450025C5F0 /* C@2x.png */ = {isa = PBXFileReference; lastKnownFileType = image.png; path = "C@2x.png"; sourceTree = "<group>"; };
		6A7C5C2515673CF100C5EC62 /* bar@2x.png */ = {isa = PBXFileReference; lastKnownFileType = image.png; path = "bar@2x.png"; sourceTree = "<group>"; };
		6A7C5C2615673CF100C5EC62 /* bar.png */ = {isa = PBXFileReference; lastKnownFileType = image.png; path = bar.png; sourceTree = "<group>"; };
		6A7C5C29156742A100C5EC62 /* cal@2x.png */ = {isa = PBXFileReference; lastKnownFileType = image.png; path = "cal@2x.png"; sourceTree = "<group>"; };
		6A7C5C2A156742A100C5EC62 /* cal.png */ = {isa = PBXFileReference; lastKnownFileType = image.png; path = cal.png; sourceTree = "<group>"; };
		6A7C5C2D1567448E00C5EC62 /* mall.png */ = {isa = PBXFileReference; lastKnownFileType = image.png; path = mall.png; sourceTree = "<group>"; };
		6A7C5C2E1567448E00C5EC62 /* mall@2x.png */ = {isa = PBXFileReference; lastKnownFileType = image.png; path = "mall@2x.png"; sourceTree = "<group>"; };
		6A7C5C351567699800C5EC62 /* spring.png */ = {isa = PBXFileReference; lastKnownFileType = image.png; path = spring.png; sourceTree = "<group>"; };
		6A7C5C361567699800C5EC62 /* spring@2x.png */ = {isa = PBXFileReference; lastKnownFileType = image.png; path = "spring@2x.png"; sourceTree = "<group>"; };
		6A7C5C3915676B8E00C5EC62 /* spring_down@2x.png */ = {isa = PBXFileReference; lastKnownFileType = image.png; path = "spring_down@2x.png"; sourceTree = "<group>"; };
		6A7C5C3A15676B8E00C5EC62 /* spring_down.png */ = {isa = PBXFileReference; lastKnownFileType = image.png; path = spring_down.png; sourceTree = "<group>"; };
		6A7C5C3D156793D700C5EC62 /* fall.png */ = {isa = PBXFileReference; lastKnownFileType = image.png; path = fall.png; sourceTree = "<group>"; };
		6A7C5C3E156793D700C5EC62 /* fall@2x.png */ = {isa = PBXFileReference; lastKnownFileType = image.png; path = "fall@2x.png"; sourceTree = "<group>"; };
		6A7C5C41156794EC00C5EC62 /* fall_down.png */ = {isa = PBXFileReference; lastKnownFileType = image.png; path = fall_down.png; sourceTree = "<group>"; };
		6A7C5C42156794EC00C5EC62 /* fall_down@2x.png */ = {isa = PBXFileReference; lastKnownFileType = image.png; path = "fall_down@2x.png"; sourceTree = "<group>"; };
		6A7C5C491567EFC800C5EC62 /* icon.png */ = {isa = PBXFileReference; lastKnownFileType = image.png; name = icon.png; path = ../icon.png; sourceTree = "<group>"; };
		6A7C5C4B1567EFE300C5EC62 /* icon@2x.png */ = {isa = PBXFileReference; lastKnownFileType = image.png; name = "icon@2x.png"; path = "../icon@2x.png"; sourceTree = "<group>"; };
		6A9F16681562F0200037B4DF /* QPACell.h */ = {isa = PBXFileReference; fileEncoding = 4; lastKnownFileType = sourcecode.c.h; path = QPACell.h; sourceTree = "<group>"; };
		6A9F16691562F0200037B4DF /* QPACell.m */ = {isa = PBXFileReference; fileEncoding = 4; lastKnownFileType = sourcecode.c.objc; path = QPACell.m; sourceTree = "<group>"; };
		6A9F168015641F8A0037B4DF /* data.plist */ = {isa = PBXFileReference; fileEncoding = 4; lastKnownFileType = text.plist.xml; path = data.plist; sourceTree = "<group>"; };
		6AC05E1F156B22DA0009A7D3 /* QPADrawer.h */ = {isa = PBXFileReference; fileEncoding = 4; lastKnownFileType = sourcecode.c.h; path = QPADrawer.h; sourceTree = "<group>"; };
		6AC05E20156B22DA0009A7D3 /* QPADrawer.m */ = {isa = PBXFileReference; fileEncoding = 4; lastKnownFileType = sourcecode.c.objc; path = QPADrawer.m; sourceTree = "<group>"; };
		6AC05E22156B25A10009A7D3 /* QPADrawer.xib */ = {isa = PBXFileReference; fileEncoding = 4; lastKnownFileType = file.xib; path = QPADrawer.xib; sourceTree = "<group>"; };
		6AC05E24156B51DD0009A7D3 /* qpaDrawerBkg@2x.png */ = {isa = PBXFileReference; lastKnownFileType = image.png; path = "qpaDrawerBkg@2x.png"; sourceTree = "<group>"; };
		6AC05E25156B51DD0009A7D3 /* qpaDrawerBkg.png */ = {isa = PBXFileReference; lastKnownFileType = image.png; path = qpaDrawerBkg.png; sourceTree = "<group>"; };
		6AC05E28156B54460009A7D3 /* toolbar_down.png */ = {isa = PBXFileReference; lastKnownFileType = image.png; path = toolbar_down.png; sourceTree = "<group>"; };
		6AC05E29156B54460009A7D3 /* toolbar_down@2x.png */ = {isa = PBXFileReference; lastKnownFileType = image.png; path = "toolbar_down@2x.png"; sourceTree = "<group>"; };
		6AC05E2C156B57BE0009A7D3 /* toolbar2_down.png */ = {isa = PBXFileReference; lastKnownFileType = image.png; path = toolbar2_down.png; sourceTree = "<group>"; };
		6AC05E2D156B57BE0009A7D3 /* toolbar2_down@2x.png */ = {isa = PBXFileReference; lastKnownFileType = image.png; path = "toolbar2_down@2x.png"; sourceTree = "<group>"; };
		6AC05E2E156B57BE0009A7D3 /* toolbar2@2x.png */ = {isa = PBXFileReference; lastKnownFileType = image.png; path = "toolbar2@2x.png"; sourceTree = "<group>"; };
		6AC05E2F156B57BE0009A7D3 /* toolbar2.png */ = {isa = PBXFileReference; lastKnownFileType = image.png; path = toolbar2.png; sourceTree = "<group>"; };
		6AC05E3A156B82CC0009A7D3 /* Default@2x.png */ = {isa = PBXFileReference; lastKnownFileType = image.png; name = "Default@2x.png"; path = "../Default@2x.png"; sourceTree = "<group>"; };
		6AC05E3C156B82D00009A7D3 /* Default.png */ = {isa = PBXFileReference; lastKnownFileType = image.png; name = Default.png; path = ../Default.png; sourceTree = "<group>"; };
		6AC7EA0C156212AA0099118B /* CourseCell.h */ = {isa = PBXFileReference; fileEncoding = 4; lastKnownFileType = sourcecode.c.h; path = CourseCell.h; sourceTree = "<group>"; };
		6AC7EA0D156212AB0099118B /* CourseCell.m */ = {isa = PBXFileReference; fileEncoding = 4; lastKnownFileType = sourcecode.c.objc; path = CourseCell.m; sourceTree = "<group>"; };
		6AC7EA151562188A0099118B /* CourseAddViewController.h */ = {isa = PBXFileReference; fileEncoding = 4; lastKnownFileType = sourcecode.c.h; path = CourseAddViewController.h; sourceTree = "<group>"; };
		6AC7EA161562188A0099118B /* CourseAddViewController.m */ = {isa = PBXFileReference; fileEncoding = 4; lastKnownFileType = sourcecode.c.objc; path = CourseAddViewController.m; sourceTree = "<group>"; };
		6AED75DA15680A1400C0DF4C /* barlogo.png */ = {isa = PBXFileReference; lastKnownFileType = image.png; path = barlogo.png; sourceTree = "<group>"; };
		6AED75DB15680A1400C0DF4C /* barlogo@2x.png */ = {isa = PBXFileReference; lastKnownFileType = image.png; path = "barlogo@2x.png"; sourceTree = "<group>"; };
		6AED761C1569170F00C0DF4C /* step1.png */ = {isa = PBXFileReference; lastKnownFileType = image.png; path = step1.png; sourceTree = "<group>"; };
		6AED761D1569170F00C0DF4C /* step1@2x.png */ = {isa = PBXFileReference; lastKnownFileType = image.png; path = "step1@2x.png"; sourceTree = "<group>"; };
		6AED762015691B5800C0DF4C /* step2@2x.png */ = {isa = PBXFileReference; lastKnownFileType = image.png; path = "step2@2x.png"; sourceTree = "<group>"; };
		6AED762115691B5800C0DF4C /* step2.png */ = {isa = PBXFileReference; lastKnownFileType = image.png; path = step2.png; sourceTree = "<group>"; };
		6AED76241569276F00C0DF4C /* step3bottom@2x.png */ = {isa = PBXFileReference; lastKnownFileType = image.png; path = "step3bottom@2x.png"; sourceTree = "<group>"; };
		6AED76251569276F00C0DF4C /* step3bottom.png */ = {isa = PBXFileReference; lastKnownFileType = image.png; path = step3bottom.png; sourceTree = "<group>"; };
		6AED762815692B2E00C0DF4C /* step3top.png */ = {isa = PBXFileReference; lastKnownFileType = image.png; path = step3top.png; sourceTree = "<group>"; };
		6AED762915692B2E00C0DF4C /* step3top@2x.png */ = {isa = PBXFileReference; lastKnownFileType = image.png; path = "step3top@2x.png"; sourceTree = "<group>"; };
		6AED762C1569492A00C0DF4C /* selectA@2x.png */ = {isa = PBXFileReference; lastKnownFileType = image.png; path = "selectA@2x.png"; sourceTree = "<group>"; };
		6AED762D1569492A00C0DF4C /* selectA.png */ = {isa = PBXFileReference; lastKnownFileType = image.png; path = selectA.png; sourceTree = "<group>"; };
		6AED763015694B9B00C0DF4C /* selectR@2x.png */ = {isa = PBXFileReference; lastKnownFileType = image.png; path = "selectR@2x.png"; sourceTree = "<group>"; };
		6AED763115694B9B00C0DF4C /* selectD.png */ = {isa = PBXFileReference; lastKnownFileType = image.png; path = selectD.png; sourceTree = "<group>"; };
		6AED763215694B9B00C0DF4C /* selectC_down.png */ = {isa = PBXFileReference; lastKnownFileType = image.png; path = selectC_down.png; sourceTree = "<group>"; };
		6AED763315694B9B00C0DF4C /* selectC@2x.png */ = {isa = PBXFileReference; lastKnownFileType = image.png; path = "selectC@2x.png"; sourceTree = "<group>"; };
		6AED763415694B9B00C0DF4C /* selectD_down@2x.png */ = {isa = PBXFileReference; lastKnownFileType = image.png; path = "selectD_down@2x.png"; sourceTree = "<group>"; };
		6AED763515694B9B00C0DF4C /* selectR.png */ = {isa = PBXFileReference; lastKnownFileType = image.png; path = selectR.png; sourceTree = "<group>"; };
		6AED763615694B9B00C0DF4C /* selectA_down@2x.png */ = {isa = PBXFileReference; lastKnownFileType = image.png; path = "selectA_down@2x.png"; sourceTree = "<group>"; };
		6AED763715694B9B00C0DF4C /* selectA_down.png */ = {isa = PBXFileReference; lastKnownFileType = image.png; path = selectA_down.png; sourceTree = "<group>"; };
		6AED763815694B9B00C0DF4C /* selectD_down.png */ = {isa = PBXFileReference; lastKnownFileType = image.png; path = selectD_down.png; sourceTree = "<group>"; };
		6AED763915694B9C00C0DF4C /* selectC.png */ = {isa = PBXFileReference; lastKnownFileType = image.png; path = selectC.png; sourceTree = "<group>"; };
		6AED763A15694B9C00C0DF4C /* selectB.png */ = {isa = PBXFileReference; lastKnownFileType = image.png; path = selectB.png; sourceTree = "<group>"; };
		6AED763B15694B9C00C0DF4C /* selectR_down@2x.png */ = {isa = PBXFileReference; lastKnownFileType = image.png; path = "selectR_down@2x.png"; sourceTree = "<group>"; };
		6AED763C15694B9C00C0DF4C /* selectC_down@2x.png */ = {isa = PBXFileReference; lastKnownFileType = image.png; path = "selectC_down@2x.png"; sourceTree = "<group>"; };
		6AED763D15694B9C00C0DF4C /* selectB_down.png */ = {isa = PBXFileReference; lastKnownFileType = image.png; path = selectB_down.png; sourceTree = "<group>"; };
		6AED763E15694B9C00C0DF4C /* selectB_down@2x.png */ = {isa = PBXFileReference; lastKnownFileType = image.png; path = "selectB_down@2x.png"; sourceTree = "<group>"; };
		6AED763F15694B9C00C0DF4C /* selectB@2x.png */ = {isa = PBXFileReference; lastKnownFileType = image.png; path = "selectB@2x.png"; sourceTree = "<group>"; };
		6AED764015694B9C00C0DF4C /* selectR_down.png */ = {isa = PBXFileReference; lastKnownFileType = image.png; path = selectR_down.png; sourceTree = "<group>"; };
		6AED764115694B9C00C0DF4C /* selectD@2x.png */ = {isa = PBXFileReference; lastKnownFileType = image.png; path = "selectD@2x.png"; sourceTree = "<group>"; };
		6AED765415695E5A00C0DF4C /* barlogo_down@2x.png */ = {isa = PBXFileReference; lastKnownFileType = image.png; path = "barlogo_down@2x.png"; sourceTree = "<group>"; };
		6AED765515695E5A00C0DF4C /* barlogo_down.png */ = {isa = PBXFileReference; lastKnownFileType = image.png; path = barlogo_down.png; sourceTree = "<group>"; };
		6AED765A1569D6F300C0DF4C /* row2.png */ = {isa = PBXFileReference; lastKnownFileType = image.png; path = row2.png; sourceTree = "<group>"; };
		6AED765B1569D6F300C0DF4C /* row1.png */ = {isa = PBXFileReference; lastKnownFileType = image.png; path = row1.png; sourceTree = "<group>"; };
		6AED765E1569DFE300C0DF4C /* rootbkg.png */ = {isa = PBXFileReference; lastKnownFileType = image.png; path = rootbkg.png; sourceTree = "<group>"; };
		6AED765F1569DFE400C0DF4C /* rootbkg@2x.png */ = {isa = PBXFileReference; lastKnownFileType = image.png; path = "rootbkg@2x.png"; sourceTree = "<group>"; };
		6AED7666156A1D3700C0DF4C /* addTip1.png */ = {isa = PBXFileReference; lastKnownFileType = image.png; path = addTip1.png; sourceTree = "<group>"; };
		6AED7667156A1D3700C0DF4C /* addTip1@2x.png */ = {isa = PBXFileReference; lastKnownFileType = image.png; path = "addTip1@2x.png"; sourceTree = "<group>"; };
		6AED7668156A1D3700C0DF4C /* addTip2@2x.png */ = {isa = PBXFileReference; lastKnownFileType = image.png; path = "addTip2@2x.png"; sourceTree = "<group>"; };
		6AED7669156A1D3700C0DF4C /* addTip2.png */ = {isa = PBXFileReference; lastKnownFileType = image.png; path = addTip2.png; sourceTree = "<group>"; };
		6AED766E156A2E0F00C0DF4C /* toolbar@2x.png */ = {isa = PBXFileReference; lastKnownFileType = image.png; path = "toolbar@2x.png"; sourceTree = "<group>"; };
		6AED766F156A2E0F00C0DF4C /* toolbar.png */ = {isa = PBXFileReference; lastKnownFileType = image.png; path = toolbar.png; sourceTree = "<group>"; };
/* End PBXFileReference section */

/* Begin PBXFrameworksBuildPhase section */
		6A54A3AC1561BA870018D7F8 /* Frameworks */ = {
			isa = PBXFrameworksBuildPhase;
			buildActionMask = 2147483647;
			files = (
				6A54A3B41561BA870018D7F8 /* UIKit.framework in Frameworks */,
				6A54A3B61561BA870018D7F8 /* Foundation.framework in Frameworks */,
				6A54A3B81561BA870018D7F8 /* CoreGraphics.framework in Frameworks */,
			);
			runOnlyForDeploymentPostprocessing = 0;
		};
/* End PBXFrameworksBuildPhase section */

/* Begin PBXGroup section */
		6A54A3A41561BA870018D7F8 = {
			isa = PBXGroup;
			children = (
				6A54A3B91561BA870018D7F8 /* AndrewQPA */,
				6A54A3B21561BA870018D7F8 /* Frameworks */,
				6A54A3B01561BA870018D7F8 /* Products */,
			);
			sourceTree = "<group>";
		};
		6A54A3B01561BA870018D7F8 /* Products */ = {
			isa = PBXGroup;
			children = (
				6A54A3AF1561BA870018D7F8 /* AndrewQPA.app */,
			);
			name = Products;
			sourceTree = "<group>";
		};
		6A54A3B21561BA870018D7F8 /* Frameworks */ = {
			isa = PBXGroup;
			children = (
				6A54A3B31561BA870018D7F8 /* UIKit.framework */,
				6A54A3B51561BA870018D7F8 /* Foundation.framework */,
				6A54A3B71561BA870018D7F8 /* CoreGraphics.framework */,
			);
			name = Frameworks;
			sourceTree = "<group>";
		};
		6A54A3B91561BA870018D7F8 /* AndrewQPA */ = {
			isa = PBXGroup;
			children = (
				6A54A3C51561BA870018D7F8 /* MainStoryboard_iPhone.storyboard */,
				6A54A3C21561BA870018D7F8 /* AppDelegate.h */,
				6A54A3C31561BA870018D7F8 /* AppDelegate.m */,
				6A68A3CB1561C30600C9927B /* CoursesViewController.h */,
				6A68A3CC1561C30600C9927B /* CoursesViewController.m */,
				6AC7EA151562188A0099118B /* CourseAddViewController.h */,
				6AC7EA161562188A0099118B /* CourseAddViewController.m */,
				6A7BC831156444F70025C5F0 /* SemsViewController.h */,
				6A7BC832156444F70025C5F0 /* SemsViewController.m */,
				6A7BC834156449EB0025C5F0 /* SemAddViewController.h */,
				6A7BC835156449EB0025C5F0 /* SemAddViewController.m */,
				6AC05E1F156B22DA0009A7D3 /* QPADrawer.h */,
				6AC05E20156B22DA0009A7D3 /* QPADrawer.m */,
				6AC05E22156B25A10009A7D3 /* QPADrawer.xib */,
				6AC7EA0C156212AA0099118B /* CourseCell.h */,
				6AC7EA0D156212AB0099118B /* CourseCell.m */,
				6A9F16681562F0200037B4DF /* QPACell.h */,
				6A9F16691562F0200037B4DF /* QPACell.m */,
				6A9F168015641F8A0037B4DF /* data.plist */,
				6A7C5C2415673A6100C5EC62 /* Images */,
				6A54A3BA1561BA870018D7F8 /* Supporting Files */,
			);
			path = AndrewQPA;
			sourceTree = "<group>";
		};
		6A54A3BA1561BA870018D7F8 /* Supporting Files */ = {
			isa = PBXGroup;
			children = (
				6A54A3BB1561BA870018D7F8 /* AndrewQPA-Info.plist */,
				6A54A3BC1561BA870018D7F8 /* InfoPlist.strings */,
				6A54A3BF1561BA870018D7F8 /* main.m */,
				6A54A3C11561BA870018D7F8 /* AndrewQPA-Prefix.pch */,
			);
			name = "Supporting Files";
			sourceTree = "<group>";
		};
		6A7C5C2415673A6100C5EC62 /* Images */ = {
			isa = PBXGroup;
			children = (
				6AC05E3C156B82D00009A7D3 /* Default.png */,
				6AC05E3A156B82CC0009A7D3 /* Default@2x.png */,
				6AC05E2C156B57BE0009A7D3 /* toolbar2_down.png */,
				6AC05E2D156B57BE0009A7D3 /* toolbar2_down@2x.png */,
				6AC05E2E156B57BE0009A7D3 /* toolbar2@2x.png */,
				6AC05E2F156B57BE0009A7D3 /* toolbar2.png */,
				6AC05E28156B54460009A7D3 /* toolbar_down.png */,
				6AC05E29156B54460009A7D3 /* toolbar_down@2x.png */,
				6AC05E24156B51DD0009A7D3 /* qpaDrawerBkg@2x.png */,
				6AC05E25156B51DD0009A7D3 /* qpaDrawerBkg.png */,
				6AED7666156A1D3700C0DF4C /* addTip1.png */,
				6AED7667156A1D3700C0DF4C /* addTip1@2x.png */,
				6AED7668156A1D3700C0DF4C /* addTip2@2x.png */,
				6AED7669156A1D3700C0DF4C /* addTip2.png */,
				6AED765E1569DFE300C0DF4C /* rootbkg.png */,
				6AED765F1569DFE400C0DF4C /* rootbkg@2x.png */,
				6AED765A1569D6F300C0DF4C /* row2.png */,
				6AED765B1569D6F300C0DF4C /* row1.png */,
				6AED766E156A2E0F00C0DF4C /* toolbar@2x.png */,
				6AED766F156A2E0F00C0DF4C /* toolbar.png */,
				6AED765415695E5A00C0DF4C /* barlogo_down@2x.png */,
				6AED765515695E5A00C0DF4C /* barlogo_down.png */,
				6AED763015694B9B00C0DF4C /* selectR@2x.png */,
				6AED763115694B9B00C0DF4C /* selectD.png */,
				6AED763215694B9B00C0DF4C /* selectC_down.png */,
				6AED763315694B9B00C0DF4C /* selectC@2x.png */,
				6AED763415694B9B00C0DF4C /* selectD_down@2x.png */,
				6AED763515694B9B00C0DF4C /* selectR.png */,
				6AED763615694B9B00C0DF4C /* selectA_down@2x.png */,
				6AED763715694B9B00C0DF4C /* selectA_down.png */,
				6AED763815694B9B00C0DF4C /* selectD_down.png */,
				6AED763915694B9C00C0DF4C /* selectC.png */,
				6AED763A15694B9C00C0DF4C /* selectB.png */,
				6AED763B15694B9C00C0DF4C /* selectR_down@2x.png */,
				6AED763C15694B9C00C0DF4C /* selectC_down@2x.png */,
				6AED763D15694B9C00C0DF4C /* selectB_down.png */,
				6AED763E15694B9C00C0DF4C /* selectB_down@2x.png */,
				6AED763F15694B9C00C0DF4C /* selectB@2x.png */,
				6AED764015694B9C00C0DF4C /* selectR_down.png */,
				6AED764115694B9C00C0DF4C /* selectD@2x.png */,
				6AED762C1569492A00C0DF4C /* selectA@2x.png */,
				6AED762D1569492A00C0DF4C /* selectA.png */,
				6AED762815692B2E00C0DF4C /* step3top.png */,
				6AED762915692B2E00C0DF4C /* step3top@2x.png */,
				6AED76241569276F00C0DF4C /* step3bottom@2x.png */,
				6AED76251569276F00C0DF4C /* step3bottom.png */,
				6AED762015691B5800C0DF4C /* step2@2x.png */,
				6AED762115691B5800C0DF4C /* step2.png */,
				6AED761C1569170F00C0DF4C /* step1.png */,
				6AED761D1569170F00C0DF4C /* step1@2x.png */,
				6AED75DA15680A1400C0DF4C /* barlogo.png */,
				6AED75DB15680A1400C0DF4C /* barlogo@2x.png */,
				6A7C5C4B1567EFE300C5EC62 /* icon@2x.png */,
				6A7C5C491567EFC800C5EC62 /* icon.png */,
				6A7BC8471566A5440025C5F0 /* A.png */,
				6A7BC8481566A5450025C5F0 /* A@2x.png */,
				6A7BC8491566A5450025C5F0 /* B.png */,
				6A7BC84A1566A5450025C5F0 /* B@2x.png */,
				6A7BC84B1566A5450025C5F0 /* C.png */,
				6A7BC84C1566A5450025C5F0 /* C@2x.png */,
				6A7BC8431566A5440025C5F0 /* D.png */,
				6A7BC8441566A5440025C5F0 /* D@2x.png */,
				6A7BC8461566A5440025C5F0 /* R.png */,
				6A7BC8451566A5440025C5F0 /* R@2x.png */,
				6A7C5C2515673CF100C5EC62 /* bar@2x.png */,
				6A7C5C2615673CF100C5EC62 /* bar.png */,
				6A7C5C29156742A100C5EC62 /* cal@2x.png */,
				6A7C5C2A156742A100C5EC62 /* cal.png */,
				6A7C5C2D1567448E00C5EC62 /* mall.png */,
				6A7C5C2E1567448E00C5EC62 /* mall@2x.png */,
				6A7C5C351567699800C5EC62 /* spring.png */,
				6A7C5C361567699800C5EC62 /* spring@2x.png */,
				6A7C5C3915676B8E00C5EC62 /* spring_down@2x.png */,
				6A7C5C3A15676B8E00C5EC62 /* spring_down.png */,
				6A7C5C3D156793D700C5EC62 /* fall.png */,
				6A7C5C3E156793D700C5EC62 /* fall@2x.png */,
				6A7C5C41156794EC00C5EC62 /* fall_down.png */,
				6A7C5C42156794EC00C5EC62 /* fall_down@2x.png */,
			);
			name = Images;
			sourceTree = "<group>";
		};
/* End PBXGroup section */

/* Begin PBXNativeTarget section */
		6A54A3AE1561BA870018D7F8 /* AndrewQPA */ = {
			isa = PBXNativeTarget;
			buildConfigurationList = 6A54A3D31561BA880018D7F8 /* Build configuration list for PBXNativeTarget "AndrewQPA" */;
			buildPhases = (
				6A54A3AB1561BA870018D7F8 /* Sources */,
				6A54A3AC1561BA870018D7F8 /* Frameworks */,
				6A54A3AD1561BA870018D7F8 /* Resources */,
			);
			buildRules = (
			);
			dependencies = (
			);
			name = AndrewQPA;
			productName = AndrewQPA;
			productReference = 6A54A3AF1561BA870018D7F8 /* AndrewQPA.app */;
			productType = "com.apple.product-type.application";
		};
/* End PBXNativeTarget section */

/* Begin PBXProject section */
		6A54A3A61561BA870018D7F8 /* Project object */ = {
			isa = PBXProject;
			attributes = {
				LastUpgradeCheck = 0430;
			};
			buildConfigurationList = 6A54A3A91561BA870018D7F8 /* Build configuration list for PBXProject "AndrewQPA" */;
			compatibilityVersion = "Xcode 3.2";
			developmentRegion = English;
			hasScannedForEncodings = 0;
			knownRegions = (
				en,
			);
			mainGroup = 6A54A3A41561BA870018D7F8;
			productRefGroup = 6A54A3B01561BA870018D7F8 /* Products */;
			projectDirPath = "";
			projectRoot = "";
			targets = (
				6A54A3AE1561BA870018D7F8 /* AndrewQPA */,
			);
		};
/* End PBXProject section */

/* Begin PBXResourcesBuildPhase section */
		6A54A3AD1561BA870018D7F8 /* Resources */ = {
			isa = PBXResourcesBuildPhase;
			buildActionMask = 2147483647;
			files = (
				6A54A3BE1561BA870018D7F8 /* InfoPlist.strings in Resources */,
				6A54A3C71561BA870018D7F8 /* MainStoryboard_iPhone.storyboard in Resources */,
				6A9F168115641F8A0037B4DF /* data.plist in Resources */,
				6A7BC84D1566A5450025C5F0 /* D.png in Resources */,
				6A7BC84E1566A5450025C5F0 /* D@2x.png in Resources */,
				6A7BC84F1566A5450025C5F0 /* R@2x.png in Resources */,
				6A7BC8501566A5450025C5F0 /* R.png in Resources */,
				6A7BC8511566A5450025C5F0 /* A.png in Resources */,
				6A7BC8521566A5450025C5F0 /* A@2x.png in Resources */,
				6A7BC8531566A5450025C5F0 /* B.png in Resources */,
				6A7BC8541566A5450025C5F0 /* B@2x.png in Resources */,
				6A7BC8551566A5450025C5F0 /* C.png in Resources */,
				6A7BC8561566A5450025C5F0 /* C@2x.png in Resources */,
				6A7C5C2715673CF100C5EC62 /* bar@2x.png in Resources */,
				6A7C5C2815673CF100C5EC62 /* bar.png in Resources */,
				6A7C5C2B156742A100C5EC62 /* cal@2x.png in Resources */,
				6A7C5C2C156742A100C5EC62 /* cal.png in Resources */,
				6A7C5C2F1567448E00C5EC62 /* mall.png in Resources */,
				6A7C5C301567448E00C5EC62 /* mall@2x.png in Resources */,
				6A7C5C371567699800C5EC62 /* spring.png in Resources */,
				6A7C5C381567699800C5EC62 /* spring@2x.png in Resources */,
				6A7C5C3B15676B8E00C5EC62 /* spring_down@2x.png in Resources */,
				6A7C5C3C15676B8E00C5EC62 /* spring_down.png in Resources */,
				6A7C5C3F156793D700C5EC62 /* fall.png in Resources */,
				6A7C5C40156793D700C5EC62 /* fall@2x.png in Resources */,
				6A7C5C43156794EC00C5EC62 /* fall_down.png in Resources */,
				6A7C5C44156794EC00C5EC62 /* fall_down@2x.png in Resources */,
				6A7C5C4A1567EFC800C5EC62 /* icon.png in Resources */,
				6A7C5C4C1567EFE300C5EC62 /* icon@2x.png in Resources */,
				6AED75DC15680A1400C0DF4C /* barlogo.png in Resources */,
				6AED75DD15680A1400C0DF4C /* barlogo@2x.png in Resources */,
				6AED761E1569170F00C0DF4C /* step1.png in Resources */,
				6AED761F1569170F00C0DF4C /* step1@2x.png in Resources */,
				6AED762215691B5800C0DF4C /* step2@2x.png in Resources */,
				6AED762315691B5800C0DF4C /* step2.png in Resources */,
				6AED76261569276F00C0DF4C /* step3bottom@2x.png in Resources */,
				6AED76271569276F00C0DF4C /* step3bottom.png in Resources */,
				6AED762A15692B2E00C0DF4C /* step3top.png in Resources */,
				6AED762B15692B2E00C0DF4C /* step3top@2x.png in Resources */,
				6AED762E1569492A00C0DF4C /* selectA@2x.png in Resources */,
				6AED762F1569492A00C0DF4C /* selectA.png in Resources */,
				6AED764215694B9C00C0DF4C /* selectR@2x.png in Resources */,
				6AED764315694B9C00C0DF4C /* selectD.png in Resources */,
				6AED764415694B9C00C0DF4C /* selectC_down.png in Resources */,
				6AED764515694B9C00C0DF4C /* selectC@2x.png in Resources */,
				6AED764615694B9C00C0DF4C /* selectD_down@2x.png in Resources */,
				6AED764715694B9C00C0DF4C /* selectR.png in Resources */,
				6AED764815694B9C00C0DF4C /* selectA_down@2x.png in Resources */,
				6AED764915694B9C00C0DF4C /* selectA_down.png in Resources */,
				6AED764A15694B9C00C0DF4C /* selectD_down.png in Resources */,
				6AED764B15694B9C00C0DF4C /* selectC.png in Resources */,
				6AED764C15694B9C00C0DF4C /* selectB.png in Resources */,
				6AED764D15694B9C00C0DF4C /* selectR_down@2x.png in Resources */,
				6AED764E15694B9C00C0DF4C /* selectC_down@2x.png in Resources */,
				6AED764F15694B9C00C0DF4C /* selectB_down.png in Resources */,
				6AED765015694B9C00C0DF4C /* selectB_down@2x.png in Resources */,
				6AED765115694B9C00C0DF4C /* selectB@2x.png in Resources */,
				6AED765215694B9C00C0DF4C /* selectR_down.png in Resources */,
				6AED765315694B9C00C0DF4C /* selectD@2x.png in Resources */,
				6AED765615695E5A00C0DF4C /* barlogo_down@2x.png in Resources */,
				6AED765715695E5A00C0DF4C /* barlogo_down.png in Resources */,
				6AED765C1569D6F300C0DF4C /* row2.png in Resources */,
				6AED765D1569D6F300C0DF4C /* row1.png in Resources */,
				6AED76601569DFE400C0DF4C /* rootbkg.png in Resources */,
				6AED76611569DFE400C0DF4C /* rootbkg@2x.png in Resources */,
				6AED766A156A1D3700C0DF4C /* addTip1.png in Resources */,
				6AED766B156A1D3700C0DF4C /* addTip1@2x.png in Resources */,
				6AED766C156A1D3700C0DF4C /* addTip2@2x.png in Resources */,
				6AED766D156A1D3700C0DF4C /* addTip2.png in Resources */,
				6AED7670156A2E0F00C0DF4C /* toolbar@2x.png in Resources */,
				6AED7671156A2E0F00C0DF4C /* toolbar.png in Resources */,
				6AC05E23156B25A10009A7D3 /* QPADrawer.xib in Resources */,
				6AC05E26156B51DD0009A7D3 /* qpaDrawerBkg@2x.png in Resources */,
				6AC05E27156B51DD0009A7D3 /* qpaDrawerBkg.png in Resources */,
				6AC05E2A156B54460009A7D3 /* toolbar_down.png in Resources */,
				6AC05E2B156B54460009A7D3 /* toolbar_down@2x.png in Resources */,
				6AC05E30156B57BE0009A7D3 /* toolbar2_down.png in Resources */,
				6AC05E31156B57BE0009A7D3 /* toolbar2_down@2x.png in Resources */,
				6AC05E32156B57BE0009A7D3 /* toolbar2@2x.png in Resources */,
				6AC05E33156B57BE0009A7D3 /* toolbar2.png in Resources */,
				6AC05E3B156B82CC0009A7D3 /* Default@2x.png in Resources */,
				6AC05E3D156B82D00009A7D3 /* Default.png in Resources */,
			);
			runOnlyForDeploymentPostprocessing = 0;
		};
/* End PBXResourcesBuildPhase section */

/* Begin PBXSourcesBuildPhase section */
		6A54A3AB1561BA870018D7F8 /* Sources */ = {
			isa = PBXSourcesBuildPhase;
			buildActionMask = 2147483647;
			files = (
				6A54A3C01561BA870018D7F8 /* main.m in Sources */,
				6A54A3C41561BA870018D7F8 /* AppDelegate.m in Sources */,
				6A68A3CD1561C30600C9927B /* CoursesViewController.m in Sources */,
				6AC7EA0E156212AB0099118B /* CourseCell.m in Sources */,
				6AC7EA171562188A0099118B /* CourseAddViewController.m in Sources */,
				6A9F166A1562F0200037B4DF /* QPACell.m in Sources */,
				6A7BC833156444F70025C5F0 /* SemsViewController.m in Sources */,
				6A7BC836156449EB0025C5F0 /* SemAddViewController.m in Sources */,
				6AC05E21156B22DB0009A7D3 /* QPADrawer.m in Sources */,
			);
			runOnlyForDeploymentPostprocessing = 0;
		};
/* End PBXSourcesBuildPhase section */

/* Begin PBXVariantGroup section */
		6A54A3BC1561BA870018D7F8 /* InfoPlist.strings */ = {
			isa = PBXVariantGroup;
			children = (
				6A54A3BD1561BA870018D7F8 /* en */,
			);
			name = InfoPlist.strings;
			sourceTree = "<group>";
		};
		6A54A3C51561BA870018D7F8 /* MainStoryboard_iPhone.storyboard */ = {
			isa = PBXVariantGroup;
			children = (
				6A54A3C61561BA870018D7F8 /* en */,
			);
			name = MainStoryboard_iPhone.storyboard;
			sourceTree = "<group>";
		};
/* End PBXVariantGroup section */

/* Begin XCBuildConfiguration section */
		6A54A3D11561BA880018D7F8 /* Debug */ = {
			isa = XCBuildConfiguration;
			buildSettings = {
				ALWAYS_SEARCH_USER_PATHS = NO;
				ARCHS = "$(ARCHS_STANDARD_32_BIT)";
				CLANG_ENABLE_OBJC_ARC = YES;
				"CODE_SIGN_IDENTITY[sdk=iphoneos*]" = "iPhone Developer";
				COPY_PHASE_STRIP = NO;
				GCC_C_LANGUAGE_STANDARD = gnu99;
				GCC_DYNAMIC_NO_PIC = NO;
				GCC_OPTIMIZATION_LEVEL = 0;
				GCC_PREPROCESSOR_DEFINITIONS = (
					"DEBUG=1",
					"$(inherited)",
				);
				GCC_SYMBOLS_PRIVATE_EXTERN = NO;
				GCC_VERSION = com.apple.compilers.llvm.clang.1_0;
				GCC_WARN_ABOUT_RETURN_TYPE = YES;
				GCC_WARN_UNINITIALIZED_AUTOS = YES;
				GCC_WARN_UNUSED_VARIABLE = YES;
				IPHONEOS_DEPLOYMENT_TARGET = 5.1;
				SDKROOT = iphoneos;
				TARGETED_DEVICE_FAMILY = 1;
			};
			name = Debug;
		};
		6A54A3D21561BA880018D7F8 /* Release */ = {
			isa = XCBuildConfiguration;
			buildSettings = {
				ALWAYS_SEARCH_USER_PATHS = NO;
				ARCHS = "$(ARCHS_STANDARD_32_BIT)";
				CLANG_ENABLE_OBJC_ARC = YES;
				"CODE_SIGN_IDENTITY[sdk=iphoneos*]" = "iPhone Distribution";
				COPY_PHASE_STRIP = YES;
				GCC_C_LANGUAGE_STANDARD = gnu99;
				GCC_VERSION = com.apple.compilers.llvm.clang.1_0;
				GCC_WARN_ABOUT_RETURN_TYPE = YES;
				GCC_WARN_UNINITIALIZED_AUTOS = YES;
				GCC_WARN_UNUSED_VARIABLE = YES;
				IPHONEOS_DEPLOYMENT_TARGET = 5.1;
				OTHER_CFLAGS = "-DNS_BLOCK_ASSERTIONS=1";
				"PROVISIONING_PROFILE[sdk=iphoneos*]" = "";
				SDKROOT = iphoneos;
				TARGETED_DEVICE_FAMILY = 1;
				VALIDATE_PRODUCT = YES;
			};
			name = Release;
		};
		6A54A3D41561BA880018D7F8 /* Debug */ = {
			isa = XCBuildConfiguration;
			buildSettings = {
				GCC_PRECOMPILE_PREFIX_HEADER = YES;
				GCC_PREFIX_HEADER = "AndrewQPA/AndrewQPA-Prefix.pch";
				INFOPLIST_FILE = "AndrewQPA/AndrewQPA-Info.plist";
				PRODUCT_NAME = "$(TARGET_NAME)";
				TARGETED_DEVICE_FAMILY = 1;
				WRAPPER_EXTENSION = app;
			};
			name = Debug;
		};
		6A54A3D51561BA880018D7F8 /* Release */ = {
			isa = XCBuildConfiguration;
			buildSettings = {
				GCC_PRECOMPILE_PREFIX_HEADER = YES;
				GCC_PREFIX_HEADER = "AndrewQPA/AndrewQPA-Prefix.pch";
				INFOPLIST_FILE = "AndrewQPA/AndrewQPA-Info.plist";
				PRODUCT_NAME = "$(TARGET_NAME)";
				TARGETED_DEVICE_FAMILY = 1;
				WRAPPER_EXTENSION = app;
			};
			name = Release;
		};
/* End XCBuildConfiguration section */

/* Begin XCConfigurationList section */
		6A54A3A91561BA870018D7F8 /* Build configuration list for PBXProject "AndrewQPA" */ = {
			isa = XCConfigurationList;
			buildConfigurations = (
				6A54A3D11561BA880018D7F8 /* Debug */,
				6A54A3D21561BA880018D7F8 /* Release */,
			);
			defaultConfigurationIsVisible = 0;
			defaultConfigurationName = Release;
		};
		6A54A3D31561BA880018D7F8 /* Build configuration list for PBXNativeTarget "AndrewQPA" */ = {
			isa = XCConfigurationList;
			buildConfigurations = (
				6A54A3D41561BA880018D7F8 /* Debug */,
				6A54A3D51561BA880018D7F8 /* Release */,
			);
			defaultConfigurationIsVisible = 0;
			defaultConfigurationName = Release;
		};
/* End XCConfigurationList section */
	};
	rootObject = 6A54A3A61561BA870018D7F8 /* Project object */;
}
